
Microsoft Visual Studio Solution File, Format Version 12.00
# Visual Studio 15
VisualStudioVersion = 15.0.26430.6
MinimumVisualStudioVersion = 10.0.40219.1
Project("{FAE04EC0-301F-11D3-BF4B-00C04F79EFBC}") = "TerraTex GT-MP ServerControl", "TerraTex GT-MP ServerControl\TerraTex GT-MP ServerControl.csproj", "{C0768048-A3F6-47C2-A10E-15BB6E1F517C}"
EndProject
Global
	GlobalSection(SolutionConfigurationPlatforms) = preSolution
		Debug|Any CPU = Debug|Any CPU
		Release|Any CPU = Release|Any CPU
	EndGlobalSection
	GlobalSection(ProjectConfigurationPlatforms) = postSolution
		{C0768048-A3F6-47C2-A10E-15BB6E1F517C}.Debug|Any CPU.ActiveCfg = Debug|Any CPU
		{C0768048-A3F6-47C2-A10E-15BB6E1F517C}.Debug|Any CPU.Build.0 = Debug|Any CPU
		{C0768048-A3F6-47C2-A10E-15BB6E1F517C}.Release|Any CPU.ActiveCfg = Release|Any CPU
		{C0768048-A3F6-47C2-A10E-15BB6E1F517C}.Release|Any CPU.Build.0 = Release|Any CPU
	EndGlobalSection
	GlobalSection(SolutionProperties) = preSolution
		HideSolutionNode = FALSE
	EndGlobalSection
EndGlobal
